
Microsoft Visual Studio Solution File, Format Version 12.00
# Visual Studio 15
VisualStudioVersion = 15.0.28010.2003
MinimumVisualStudioVersion = 10.0.40219.1
Project("{FAE04EC0-301F-11D3-BF4B-00C04F79EFBC}") = "EngEdu", "EngEdu\EngEdu.csproj", "{BB06581B-0D28-48E4-9C8D-D729A5EDE05E}"
EndProject
Global
	GlobalSection(SolutionConfigurationPlatforms) = preSolution
		Debug|Any CPU = Debug|Any CPU
		Release|Any CPU = Release|Any CPU
	EndGlobalSection
	GlobalSection(ProjectConfigurationPlatforms) = postSolution
		{BB06581B-0D28-48E4-9C8D-D729A5EDE05E}.Debug|Any CPU.ActiveCfg = Debug|Any CPU
		{BB06581B-0D28-48E4-9C8D-D729A5EDE05E}.Debug|Any CPU.Build.0 = Debug|Any CPU
		{BB06581B-0D28-48E4-9C8D-D729A5EDE05E}.Release|Any CPU.ActiveCfg = Release|Any CPU
		{BB06581B-0D28-48E4-9C8D-D729A5EDE05E}.Release|Any CPU.Build.0 = Release|Any CPU
	EndGlobalSection
	GlobalSection(SolutionProperties) = preSolution
		HideSolutionNode = FALSE
	EndGlobalSection
	GlobalSection(ExtensibilityGlobals) = postSolution
		SolutionGuid = {97D067F7-0411-4E88-BB84-26C386BF6F1F}
	EndGlobalSection
EndGlobal
